{
  "name": "ro-crate-manifest-generator",
  "version": "1.0.0",
  "lockfileVersion": 2,
  "requires": true,
  "packages": {
    "": {
      "name": "ro-crate-manifest-generator",
      "version": "1.0.0",
      "license": "ISC",
      "dependencies": {
        "commander": "^9.1.0",
        "mmmagic": "^0.5.3",
        "uuid": "^8.3.2"
      }
    },
    "node_modules/commander": {
      "version": "9.1.0",
      "resolved": "https://registry.npmjs.org/commander/-/commander-9.1.0.tgz",
      "integrity": "sha512-i0/MaqBtdbnJ4XQs4Pmyb+oFQl+q0lsAmokVUH92SlSw4fkeAcG3bVon+Qt7hmtF+u3Het6o4VgrcY3qAoEB6w==",
      "engines": {
        "node": "^12.20.0 || >=14"
      }
    },
    "node_modules/mmmagic": {
      "version": "0.5.3",
      "resolved": "https://registry.npmjs.org/mmmagic/-/mmmagic-0.5.3.tgz",
      "integrity": "sha512-xLqCu7GJYTzJczg0jafXFuh+iPzQL/ru0YYf4GiTTz8Cehru/wiXtUS8Pp8Xi77zNaiVndJ0OO1yAFci6iHyFg==",
      "hasInstallScript": true,
      "dependencies": {
        "nan": "^2.13.2"
      },
      "engines": {
        "node": ">=4.0.0"
      }
    },
    "node_modules/nan": {
      "version": "2.15.0",
      "resolved": "https://registry.npmjs.org/nan/-/nan-2.15.0.tgz",
      "integrity": "sha512-8ZtvEnA2c5aYCZYd1cvgdnU6cqwixRoYg70xPLWUws5ORTa/lnw+u4amixRS/Ac5U5mQVgp9pnlSUnbNWFaWZQ=="
    },
    "node_modules/uuid": {
      "version": "8.3.2",
      "resolved": "https://registry.npmjs.org/uuid/-/uuid-8.3.2.tgz",
      "integrity": "sha512-+NYs2QeMWy+GWFOEm9xnn6HCDp0l7QBD7ml8zLUmJ+93Q5NF0NocErnwkTkXVFNiX3/fpC6afS8Dhb/gz7R7eg==",
      "bin": {
        "uuid": "dist/bin/uuid"
      }
    }
  },
  "dependencies": {
    "commander": {
      "version": "9.1.0",
      "resolved": "https://registry.npmjs.org/commander/-/commander-9.1.0.tgz",
      "integrity": "sha512-i0/MaqBtdbnJ4XQs4Pmyb+oFQl+q0lsAmokVUH92SlSw4fkeAcG3bVon+Qt7hmtF+u3Het6o4VgrcY3qAoEB6w=="
    },
    "mmmagic": {
      "version": "0.5.3",
      "resolved": "https://registry.npmjs.org/mmmagic/-/mmmagic-0.5.3.tgz",
      "integrity": "sha512-xLqCu7GJYTzJczg0jafXFuh+iPzQL/ru0YYf4GiTTz8Cehru/wiXtUS8Pp8Xi77zNaiVndJ0OO1yAFci6iHyFg==",
      "requires": {
        "nan": "^2.13.2"
      }
    },
    "nan": {
      "version": "2.15.0",
      "resolved": "https://registry.npmjs.org/nan/-/nan-2.15.0.tgz",
      "integrity": "sha512-8ZtvEnA2c5aYCZYd1cvgdnU6cqwixRoYg70xPLWUws5ORTa/lnw+u4amixRS/Ac5U5mQVgp9pnlSUnbNWFaWZQ=="
    },
    "uuid": {
      "version": "8.3.2",
      "resolved": "https://registry.npmjs.org/uuid/-/uuid-8.3.2.tgz",
      "integrity": "sha512-+NYs2QeMWy+GWFOEm9xnn6HCDp0l7QBD7ml8zLUmJ+93Q5NF0NocErnwkTkXVFNiX3/fpC6afS8Dhb/gz7R7eg=="
    }
  }
}
